
Microsoft Visual Studio Solution File, Format Version 12.00
# Visual Studio Version 16
VisualStudioVersion = 16.0.30517.126
MinimumVisualStudioVersion = 10.0.40219.1
Project("{FAE04EC0-301F-11D3-BF4B-00C04F79EFBC}") = "SampleChocoConsoleApp", "src\SampleChocoConsoleApp\SampleChocoConsoleApp.csproj", "{778E2D31-D23B-4FF6-A61E-F8E9028DDF60}"
EndProject
Global
	GlobalSection(SolutionConfigurationPlatforms) = preSolution
		Debug|Any CPU = Debug|Any CPU
		Release|Any CPU = Release|Any CPU
	EndGlobalSection
	GlobalSection(ProjectConfigurationPlatforms) = postSolution
		{778E2D31-D23B-4FF6-A61E-F8E9028DDF60}.Debug|Any CPU.ActiveCfg = Debug|Any CPU
		{778E2D31-D23B-4FF6-A61E-F8E9028DDF60}.Debug|Any CPU.Build.0 = Debug|Any CPU
		{778E2D31-D23B-4FF6-A61E-F8E9028DDF60}.Release|Any CPU.ActiveCfg = Release|Any CPU
		{778E2D31-D23B-4FF6-A61E-F8E9028DDF60}.Release|Any CPU.Build.0 = Release|Any CPU
	EndGlobalSection
	GlobalSection(SolutionProperties) = preSolution
		HideSolutionNode = FALSE
	EndGlobalSection
	GlobalSection(ExtensibilityGlobals) = postSolution
		SolutionGuid = {D7953BB3-C891-4D8A-BC67-1CA6368B81F4}
	EndGlobalSection
EndGlobal
